// !$*UTF8*$!
{
	archiveVersion = 1;
	classes = {
	};
	objectVersion = 46;
	objects = {

/* Begin PBXBuildFile section */
		761662D219F393D50095BDF8 /* AppDelegate.swift in Sources */ = {isa = PBXBuildFile; fileRef = 761662D119F393D50095BDF8 /* AppDelegate.swift */; };
		761662D419F393D50095BDF8 /* ViewController.swift in Sources */ = {isa = PBXBuildFile; fileRef = 761662D319F393D50095BDF8 /* ViewController.swift */; };
		761662D719F393D50095BDF8 /* Main.storyboard in Resources */ = {isa = PBXBuildFile; fileRef = 761662D519F393D50095BDF8 /* Main.storyboard */; };
		761662D919F393D50095BDF8 /* Images.xcassets in Resources */ = {isa = PBXBuildFile; fileRef = 761662D819F393D50095BDF8 /* Images.xcassets */; };
		761662DC19F393D50095BDF8 /* LaunchScreen.xib in Resources */ = {isa = PBXBuildFile; fileRef = 761662DA19F393D50095BDF8 /* LaunchScreen.xib */; };
		761662E819F393D50095BDF8 /* CameraTests.swift in Sources */ = {isa = PBXBuildFile; fileRef = 761662E719F393D50095BDF8 /* CameraTests.swift */; };
		761662F219F394DC0095BDF8 /* AVFoundation.framework in Frameworks */ = {isa = PBXBuildFile; fileRef = 761662F119F394DC0095BDF8 /* AVFoundation.framework */; };
/* End PBXBuildFile section */

/* Begin PBXContainerItemProxy section */
		761662E219F393D50095BDF8 /* PBXContainerItemProxy */ = {
			isa = PBXContainerItemProxy;
			containerPortal = 761662C419F393D50095BDF8 /* Project object */;
			proxyType = 1;
			remoteGlobalIDString = 761662CB19F393D50095BDF8;
			remoteInfo = Camera;
		};
/* End PBXContainerItemProxy section */

/* Begin PBXFileReference section */
		761662CC19F393D50095BDF8 /* Camera.app */ = {isa = PBXFileReference; explicitFileType = wrapper.application; includeInIndex = 0; path = Camera.app; sourceTree = BUILT_PRODUCTS_DIR; };
		761662D019F393D50095BDF8 /* Info.plist */ = {isa = PBXFileReference; lastKnownFileType = text.plist.xml; path = Info.plist; sourceTree = "<group>"; };
		761662D119F393D50095BDF8 /* AppDelegate.swift */ = {isa = PBXFileReference; lastKnownFileType = sourcecode.swift; path = AppDelegate.swift; sourceTree = "<group>"; };
		761662D319F393D50095BDF8 /* ViewController.swift */ = {isa = PBXFileReference; lastKnownFileType = sourcecode.swift; path = ViewController.swift; sourceTree = "<group>"; };
		761662D619F393D50095BDF8 /* Base */ = {isa = PBXFileReference; lastKnownFileType = file.storyboard; name = Base; path = Base.lproj/Main.storyboard; sourceTree = "<group>"; };
		761662D819F393D50095BDF8 /* Images.xcassets */ = {isa = PBXFileReference; lastKnownFileType = folder.assetcatalog; path = Images.xcassets; sourceTree = "<group>"; };
		761662DB19F393D50095BDF8 /* Base */ = {isa = PBXFileReference; lastKnownFileType = file.xib; name = Base; path = Base.lproj/LaunchScreen.xib; sourceTree = "<group>"; };
		761662E119F393D50095BDF8 /* CameraTests.xctest */ = {isa = PBXFileReference; explicitFileType = wrapper.cfbundle; includeInIndex = 0; path = CameraTests.xctest; sourceTree = BUILT_PRODUCTS_DIR; };
		761662E619F393D50095BDF8 /* Info.plist */ = {isa = PBXFileReference; lastKnownFileType = text.plist.xml; path = Info.plist; sourceTree = "<group>"; };
		761662E719F393D50095BDF8 /* CameraTests.swift */ = {isa = PBXFileReference; lastKnownFileType = sourcecode.swift; path = CameraTests.swift; sourceTree = "<group>"; };
		761662F119F394DC0095BDF8 /* AVFoundation.framework */ = {isa = PBXFileReference; lastKnownFileType = wrapper.framework; name = AVFoundation.framework; path = System/Library/Frameworks/AVFoundation.framework; sourceTree = SDKROOT; };
/* End PBXFileReference section */

/* Begin PBXFrameworksBuildPhase section */
		761662C919F393D50095BDF8 /* Frameworks */ = {
			isa = PBXFrameworksBuildPhase;
			buildActionMask = 2147483647;
			files = (
				761662F219F394DC0095BDF8 /* AVFoundation.framework in Frameworks */,
			);
			runOnlyForDeploymentPostprocessing = 0;
		};
		761662DE19F393D50095BDF8 /* Frameworks */ = {
			isa = PBXFrameworksBuildPhase;
			buildActionMask = 2147483647;
			files = (
			);
			runOnlyForDeploymentPostprocessing = 0;
		};
/* End PBXFrameworksBuildPhase section */

/* Begin PBXGroup section */
		761662C319F393D50095BDF8 = {
			isa = PBXGroup;
			children = (
				761662CE19F393D50095BDF8 /* Camera */,
				761662E419F393D50095BDF8 /* CameraTests */,
				761662CD19F393D50095BDF8 /* Products */,
				761662F119F394DC0095BDF8 /* AVFoundation.framework */,
			);
			sourceTree = "<group>";
		};
		761662CD19F393D50095BDF8 /* Products */ = {
			isa = PBXGroup;
			children = (
				761662CC19F393D50095BDF8 /* Camera.app */,
				761662E119F393D50095BDF8 /* CameraTests.xctest */,
			);
			name = Products;
			sourceTree = "<group>";
		};
		761662CE19F393D50095BDF8 /* Camera */ = {
			isa = PBXGroup;
			children = (
				761662D119F393D50095BDF8 /* AppDelegate.swift */,
				761662D319F393D50095BDF8 /* ViewController.swift */,
				761662D519F393D50095BDF8 /* Main.storyboard */,
				761662D819F393D50095BDF8 /* Images.xcassets */,
				761662DA19F393D50095BDF8 /* LaunchScreen.xib */,
				761662CF19F393D50095BDF8 /* Supporting Files */,
			);
			path = Camera;
			sourceTree = "<group>";
		};
		761662CF19F393D50095BDF8 /* Supporting Files */ = {
			isa = PBXGroup;
			children = (
				761662D019F393D50095BDF8 /* Info.plist */,
			);
			name = "Supporting Files";
			sourceTree = "<group>";
		};
		761662E419F393D50095BDF8 /* CameraTests */ = {
			isa = PBXGroup;
			children = (
				761662E719F393D50095BDF8 /* CameraTests.swift */,
				761662E519F393D50095BDF8 /* Supporting Files */,
			);
			path = CameraTests;
			sourceTree = "<group>";
		};
		761662E519F393D50095BDF8 /* Supporting Files */ = {
			isa = PBXGroup;
			children = (
				761662E619F393D50095BDF8 /* Info.plist */,
			);
			name = "Supporting Files";
			sourceTree = "<group>";
		};
/* End PBXGroup section */

/* Begin PBXNativeTarget section */
		761662CB19F393D50095BDF8 /* Camera */ = {
			isa = PBXNativeTarget;
			buildConfigurationList = 761662EB19F393D50095BDF8 /* Build configuration list for PBXNativeTarget "Camera" */;
			buildPhases = (
				761662C819F393D50095BDF8 /* Sources */,
				761662C919F393D50095BDF8 /* Frameworks */,
				761662CA19F393D50095BDF8 /* Resources */,
			);
			buildRules = (
			);
			dependencies = (
			);
			name = Camera;
			productName = Camera;
			productReference = 761662CC19F393D50095BDF8 /* Camera.app */;
			productType = "com.apple.product-type.application";
		};
		761662E019F393D50095BDF8 /* CameraTests */ = {
			isa = PBXNativeTarget;
			buildConfigurationList = 761662EE19F393D50095BDF8 /* Build configuration list for PBXNativeTarget "CameraTests" */;
			buildPhases = (
				761662DD19F393D50095BDF8 /* Sources */,
				761662DE19F393D50095BDF8 /* Frameworks */,
				761662DF19F393D50095BDF8 /* Resources */,
			);
			buildRules = (
			);
			dependencies = (
				761662E319F393D50095BDF8 /* PBXTargetDependency */,
			);
			name = CameraTests;
			productName = CameraTests;
			productReference = 761662E119F393D50095BDF8 /* CameraTests.xctest */;
			productType = "com.apple.product-type.bundle.unit-test";
		};
/* End PBXNativeTarget section */

/* Begin PBXProject section */
		761662C419F393D50095BDF8 /* Project object */ = {
			isa = PBXProject;
			attributes = {
				LastUpgradeCheck = 0600;
				ORGANIZATIONNAME = shoya140;
				TargetAttributes = {
					761662CB19F393D50095BDF8 = {
						CreatedOnToolsVersion = 6.0.1;
					};
					761662E019F393D50095BDF8 = {
						CreatedOnToolsVersion = 6.0.1;
						TestTargetID = 761662CB19F393D50095BDF8;
					};
				};
			};
			buildConfigurationList = 761662C719F393D50095BDF8 /* Build configuration list for PBXProject "Camera" */;
			compatibilityVersion = "Xcode 3.2";
			developmentRegion = English;
			hasScannedForEncodings = 0;
			knownRegions = (
				en,
				Base,
			);
			mainGroup = 761662C319F393D50095BDF8;
			productRefGroup = 761662CD19F393D50095BDF8 /* Products */;
			projectDirPath = "";
			projectRoot = "";
			targets = (
				761662CB19F393D50095BDF8 /* Camera */,
				761662E019F393D50095BDF8 /* CameraTests */,
			);
		};
/* End PBXProject section */

/* Begin PBXResourcesBuildPhase section */
		761662CA19F393D50095BDF8 /* Resources */ = {
			isa = PBXResourcesBuildPhase;
			buildActionMask = 2147483647;
			files = (
				761662D719F393D50095BDF8 /* Main.storyboard in Resources */,
				761662DC19F393D50095BDF8 /* LaunchScreen.xib in Resources */,
				761662D919F393D50095BDF8 /* Images.xcassets in Resources */,
			);
			runOnlyForDeploymentPostprocessing = 0;
		};
		761662DF19F393D50095BDF8 /* Resources */ = {
			isa = PBXResourcesBuildPhase;
			buildActionMask = 2147483647;
			files = (
			);
			runOnlyForDeploymentPostprocessing = 0;
		};
/* End PBXResourcesBuildPhase section */

/* Begin PBXSourcesBuildPhase section */
		761662C819F393D50095BDF8 /* Sources */ = {
			isa = PBXSourcesBuildPhase;
			buildActionMask = 2147483647;
			files = (
				761662D419F393D50095BDF8 /* ViewController.swift in Sources */,
				761662D219F393D50095BDF8 /* AppDelegate.swift in Sources */,
			);
			runOnlyForDeploymentPostprocessing = 0;
		};
		761662DD19F393D50095BDF8 /* Sources */ = {
			isa = PBXSourcesBuildPhase;
			buildActionMask = 2147483647;
			files = (
				761662E819F393D50095BDF8 /* CameraTests.swift in Sources */,
			);
			runOnlyForDeploymentPostprocessing = 0;
		};
/* End PBXSourcesBuildPhase section */

/* Begin PBXTargetDependency section */
		761662E319F393D50095BDF8 /* PBXTargetDependency */ = {
			isa = PBXTargetDependency;
			target = 761662CB19F393D50095BDF8 /* Camera */;
			targetProxy = 761662E219F393D50095BDF8 /* PBXContainerItemProxy */;
		};
/* End PBXTargetDependency section */

/* Begin PBXVariantGroup section */
		761662D519F393D50095BDF8 /* Main.storyboard */ = {
			isa = PBXVariantGroup;
			children = (
				761662D619F393D50095BDF8 /* Base */,
			);
			name = Main.storyboard;
			sourceTree = "<group>";
		};
		761662DA19F393D50095BDF8 /* LaunchScreen.xib */ = {
			isa = PBXVariantGroup;
			children = (
				761662DB19F393D50095BDF8 /* Base */,
			);
			name = LaunchScreen.xib;
			sourceTree = "<group>";
		};
/* End PBXVariantGroup section */

/* Begin XCBuildConfiguration section */
		761662E919F393D50095BDF8 /* Debug */ = {
			isa = XCBuildConfiguration;
			buildSettings = {
				ALWAYS_SEARCH_USER_PATHS = NO;
				CLANG_CXX_LANGUAGE_STANDARD = "gnu++0x";
				CLANG_CXX_LIBRARY = "libc++";
				CLANG_ENABLE_MODULES = YES;
				CLANG_ENABLE_OBJC_ARC = YES;
				CLANG_WARN_BOOL_CONVERSION = YES;
				CLANG_WARN_CONSTANT_CONVERSION = YES;
				CLANG_WARN_DIRECT_OBJC_ISA_USAGE = YES_ERROR;
				CLANG_WARN_EMPTY_BODY = YES;
				CLANG_WARN_ENUM_CONVERSION = YES;
				CLANG_WARN_INT_CONVERSION = YES;
				CLANG_WARN_OBJC_ROOT_CLASS = YES_ERROR;
				CLANG_WARN_UNREACHABLE_CODE = YES;
				CLANG_WARN__DUPLICATE_METHOD_MATCH = YES;
				"CODE_SIGN_IDENTITY[sdk=iphoneos*]" = "iPhone Developer";
				COPY_PHASE_STRIP = NO;
				ENABLE_STRICT_OBJC_MSGSEND = YES;
				GCC_C_LANGUAGE_STANDARD = gnu99;
				GCC_DYNAMIC_NO_PIC = NO;
				GCC_OPTIMIZATION_LEVEL = 0;
				GCC_PREPROCESSOR_DEFINITIONS = (
					"DEBUG=1",
					"$(inherited)",
				);
				GCC_SYMBOLS_PRIVATE_EXTERN = NO;
				GCC_WARN_64_TO_32_BIT_CONVERSION = YES;
				GCC_WARN_ABOUT_RETURN_TYPE = YES_ERROR;
				GCC_WARN_UNDECLARED_SELECTOR = YES;
				GCC_WARN_UNINITIALIZED_AUTOS = YES_AGGRESSIVE;
				GCC_WARN_UNUSED_FUNCTION = YES;
				GCC_WARN_UNUSED_VARIABLE = YES;
				IPHONEOS_DEPLOYMENT_TARGET = 8.0;
				MTL_ENABLE_DEBUG_INFO = YES;
				ONLY_ACTIVE_ARCH = YES;
				SDKROOT = iphoneos;
				SWIFT_OPTIMIZATION_LEVEL = "-Onone";
			};
			name = Debug;
		};
		761662EA19F393D50095BDF8 /* Release */ = {
			isa = XCBuildConfiguration;
			buildSettings = {
				ALWAYS_SEARCH_USER_PATHS = NO;
				CLANG_CXX_LANGUAGE_STANDARD = "gnu++0x";
				CLANG_CXX_LIBRARY = "libc++";
				CLANG_ENABLE_MODULES = YES;
				CLANG_ENABLE_OBJC_ARC = YES;
				CLANG_WARN_BOOL_CONVERSION = YES;
				CLANG_WARN_CONSTANT_CONVERSION = YES;
				CLANG_WARN_DIRECT_OBJC_ISA_USAGE = YES_ERROR;
				CLANG_WARN_EMPTY_BODY = YES;
				CLANG_WARN_ENUM_CONVERSION = YES;
				CLANG_WARN_INT_CONVERSION = YES;
				CLANG_WARN_OBJC_ROOT_CLASS = YES_ERROR;
				CLANG_WARN_UNREACHABLE_CODE = YES;
				CLANG_WARN__DUPLICATE_METHOD_MATCH = YES;
				"CODE_SIGN_IDENTITY[sdk=iphoneos*]" = "iPhone Developer";
				COPY_PHASE_STRIP = YES;
				ENABLE_NS_ASSERTIONS = NO;
				ENABLE_STRICT_OBJC_MSGSEND = YES;
				GCC_C_LANGUAGE_STANDARD = gnu99;
				GCC_WARN_64_TO_32_BIT_CONVERSION = YES;
				GCC_WARN_ABOUT_RETURN_TYPE = YES_ERROR;
				GCC_WARN_UNDECLARED_SELECTOR = YES;
				GCC_WARN_UNINITIALIZED_AUTOS = YES_AGGRESSIVE;
				GCC_WARN_UNUSED_FUNCTION = YES;
				GCC_WARN_UNUSED_VARIABLE = YES;
				IPHONEOS_DEPLOYMENT_TARGET = 8.0;
				MTL_ENABLE_DEBUG_INFO = NO;
				SDKROOT = iphoneos;
				VALIDATE_PRODUCT = YES;
			};
			name = Release;
		};
		761662EC19F393D50095BDF8 /* Debug */ = {
			isa = XCBuildConfiguration;
			buildSettings = {
				ASSETCATALOG_COMPILER_APPICON_NAME = AppIcon;
				INFOPLIST_FILE = Camera/Info.plist;
				LD_RUNPATH_SEARCH_PATHS = "$(inherited) @executable_path/Frameworks";
				PRODUCT_NAME = "$(TARGET_NAME)";
			};
			name = Debug;
		};
		761662ED19F393D50095BDF8 /* Release */ = {
			isa = XCBuildConfiguration;
			buildSettings = {
				ASSETCATALOG_COMPILER_APPICON_NAME = AppIcon;
				INFOPLIST_FILE = Camera/Info.plist;
				LD_RUNPATH_SEARCH_PATHS = "$(inherited) @executable_path/Frameworks";
				PRODUCT_NAME = "$(TARGET_NAME)";
			};
			name = Release;
		};
		761662EF19F393D50095BDF8 /* Debug */ = {
			isa = XCBuildConfiguration;
			buildSettings = {
				BUNDLE_LOADER = "$(TEST_HOST)";
				FRAMEWORK_SEARCH_PATHS = (
					"$(SDKROOT)/Developer/Library/Frameworks",
					"$(inherited)",
				);
				GCC_PREPROCESSOR_DEFINITIONS = (
					"DEBUG=1",
					"$(inherited)",
				);
				INFOPLIST_FILE = CameraTests/Info.plist;
				LD_RUNPATH_SEARCH_PATHS = "$(inherited) @executable_path/Frameworks @loader_path/Frameworks";
				PRODUCT_NAME = "$(TARGET_NAME)";
				TEST_HOST = "$(BUILT_PRODUCTS_DIR)/Camera.app/Camera";
			};
			name = Debug;
		};
		761662F019F393D50095BDF8 /* Release */ = {
			isa = XCBuildConfiguration;
			buildSettings = {
				BUNDLE_LOADER = "$(TEST_HOST)";
				FRAMEWORK_SEARCH_PATHS = (
					"$(SDKROOT)/Developer/Library/Frameworks",
					"$(inherited)",
				);
				INFOPLIST_FILE = CameraTests/Info.plist;
				LD_RUNPATH_SEARCH_PATHS = "$(inherited) @executable_path/Frameworks @loader_path/Frameworks";
				PRODUCT_NAME = "$(TARGET_NAME)";
				TEST_HOST = "$(BUILT_PRODUCTS_DIR)/Camera.app/Camera";
			};
			name = Release;
		};
/* End XCBuildConfiguration section */

/* Begin XCConfigurationList section */
		761662C719F393D50095BDF8 /* Build configuration list for PBXProject "Camera" */ = {
			isa = XCConfigurationList;
			buildConfigurations = (
				761662E919F393D50095BDF8 /* Debug */,
				761662EA19F393D50095BDF8 /* Release */,
			);
			defaultConfigurationIsVisible = 0;
			defaultConfigurationName = Release;
		};
		761662EB19F393D50095BDF8 /* Build configuration list for PBXNativeTarget "Camera" */ = {
			isa = XCConfigurationList;
			buildConfigurations = (
				761662EC19F393D50095BDF8 /* Debug */,
				761662ED19F393D50095BDF8 /* Release */,
			);
			defaultConfigurationIsVisible = 0;
		};
		761662EE19F393D50095BDF8 /* Build configuration list for PBXNativeTarget "CameraTests" */ = {
			isa = XCConfigurationList;
			buildConfigurations = (
				761662EF19F393D50095BDF8 /* Debug */,
				761662F019F393D50095BDF8 /* Release */,
			);
			defaultConfigurationIsVisible = 0;
		};
/* End XCConfigurationList section */
	};
	rootObject = 761662C419F393D50095BDF8 /* Project object */;
}
